{
  "name": "rollup-plugin-kontra",
  "version": "1.0.0",
  "lockfileVersion": 1,
  "requires": true,
  "dependencies": {
    "preprocess": {
      "version": "github:straker/preprocess#098588ebe8e7ab9cdbb52acc35c06072ddaa1430",
      "from": "github:straker/preprocess",
      "requires": {
        "xregexp": "3.1.0"
      }
    },
    "xregexp": {
      "version": "3.1.0",
      "resolved": "https://registry.npmjs.org/xregexp/-/xregexp-3.1.0.tgz",
      "integrity": "sha1-FNhGHgvdOCJL/uUDmgiY/EL80zY="
    }
  }
}
